# This file is autogenerated, do not edit; changes may be undone by the next 'dep ensure'.


[[projects]]
  branch = "master"
  name = "cloud.google.com/go"
  packages = ["compute/metadata"]
  revision = "b8b88d2593afebb61b6f616bb3c85f79f28819d2"

[[projects]]
  name = "github.com/bwmarrin/discordgo"
  packages = ["."]
  revision = "0993a94b4e1c3291bed2047f583f34792269355c"
  version = "v0.16.0"

[[projects]]
  name = "github.com/gorilla/websocket"
  packages = ["."]
  revision = "3ab3a8b8831546bd18fd182c20687ca853b2bb13"
  version = "v1.1.0"

[[projects]]
  branch = "master"
  name = "github.com/k0kubun/pp"
  packages = ["."]
  revision = "d1532fc5d94ecdf2da29e24d7b99721f3287de4a"

[[projects]]
  branch = "master"
  name = "github.com/kamalpy/apiai-go"
  packages = ["."]
  revision = "3c3cd6b66ecfc301943cca0263e0ccf358b07875"

[[projects]]
  name = "github.com/mattn/go-colorable"
  packages = ["."]
  revision = "941b50ebc6efddf4c41c8e4537a5f68a4e686b24"
  version = "v0.0.8"

[[projects]]
  name = "github.com/mattn/go-isatty"
  packages = ["."]
  revision = "fc9e8d8ef48496124e79ae0df75490096eccf6fe"
  version = "v0.0.2"

[[projects]]
  branch = "master"
  name = "golang.org/x/crypto"
  packages = ["nacl/secretbox","poly1305","salsa20/salsa"]
  revision = "850760c427c516be930bc91280636328f1a62286"

[[projects]]
  branch = "master"
  name = "golang.org/x/net"
  packages = ["context","context/ctxhttp"]
  revision = "973f3f3bbd50e92b13faa6c53ec16f49b45e851c"

[[projects]]
  branch = "master"
  name = "golang.org/x/sys"
  packages = ["unix"]
  revision = "fb4cac33e3196ff7f507ab9b2d2a44b0142f5b5a"

[solve-meta]
  analyzer-name = "dep"
  analyzer-version = 1
  inputs-digest = "1274c3bbda124f025979f15ccdebecb9571512e2f4c8e98ace283312dc7bf258"
  solver-name = "gps-cdcl"
  solver-version = 1
